
Microsoft Visual Studio Solution File, Format Version 12.00
# Visual Studio Version 16
VisualStudioVersion = 16.0.33927.289
MinimumVisualStudioVersion = 10.0.40219.1
Project("{F184B08F-C81C-45F6-A57F-5ABD9991F28F}") = "ComplexArithmetic", "ComplexArithmetic\ComplexArithmetic.vbproj", "{CEE32971-B727-43B8-9A91-5D7544A75A67}"
EndProject
Global
	GlobalSection(SolutionConfigurationPlatforms) = preSolution
		Debug|Any CPU = Debug|Any CPU
		Release|Any CPU = Release|Any CPU
	EndGlobalSection
	GlobalSection(ProjectConfigurationPlatforms) = postSolution
		{CEE32971-B727-43B8-9A91-5D7544A75A67}.Debug|Any CPU.ActiveCfg = Debug|Any CPU
		{CEE32971-B727-43B8-9A91-5D7544A75A67}.Debug|Any CPU.Build.0 = Debug|Any CPU
		{CEE32971-B727-43B8-9A91-5D7544A75A67}.Release|Any CPU.ActiveCfg = Release|Any CPU
		{CEE32971-B727-43B8-9A91-5D7544A75A67}.Release|Any CPU.Build.0 = Release|Any CPU
	EndGlobalSection
	GlobalSection(SolutionProperties) = preSolution
		HideSolutionNode = FALSE
	EndGlobalSection
	GlobalSection(ExtensibilityGlobals) = postSolution
		SolutionGuid = {0883CC96-3A43-4C8C-A1B7-DB0AE8AB4E63}
	EndGlobalSection
EndGlobal
